
Microsoft Visual Studio Solution File, Format Version 12.00
# Visual Studio Version 17
VisualStudioVersion = 17.5.33530.505
MinimumVisualStudioVersion = 10.0.40219.1
Project("{FAE04EC0-301F-11D3-BF4B-00C04F79EFBC}") = "AccountApp", "AccountApp\AccountApp.csproj", "{23B45379-8F0C-4C6F-AA6E-0DCC658ABC6F}"
EndProject
Global
	GlobalSection(SolutionConfigurationPlatforms) = preSolution
		Debug|Any CPU = Debug|Any CPU
		Release|Any CPU = Release|Any CPU
	EndGlobalSection
	GlobalSection(ProjectConfigurationPlatforms) = postSolution
		{23B45379-8F0C-4C6F-AA6E-0DCC658ABC6F}.Debug|Any CPU.ActiveCfg = Debug|Any CPU
		{23B45379-8F0C-4C6F-AA6E-0DCC658ABC6F}.Debug|Any CPU.Build.0 = Debug|Any CPU
		{23B45379-8F0C-4C6F-AA6E-0DCC658ABC6F}.Release|Any CPU.ActiveCfg = Release|Any CPU
		{23B45379-8F0C-4C6F-AA6E-0DCC658ABC6F}.Release|Any CPU.Build.0 = Release|Any CPU
	EndGlobalSection
	GlobalSection(SolutionProperties) = preSolution
		HideSolutionNode = FALSE
	EndGlobalSection
	GlobalSection(ExtensibilityGlobals) = postSolution
		SolutionGuid = {BB58E740-0074-45BB-9FAD-4ABAAE30FBAD}
	EndGlobalSection
EndGlobal
